{
  "nodes": {
    "awesome-neovim-plugins": {
      "inputs": {
        "nixpkgs": "nixpkgs",
        "systems": "systems"
      },
      "locked": {
        "lastModified": 1766943186,
        "narHash": "sha256-Nau68TNVKBb3cOdNODRd5ywa6D9FgedTk+zOLlAtWa4=",
        "owner": "m15a",
        "repo": "flake-awesome-neovim-plugins",
        "rev": "88111f1abed67bd20d9d9ee820386d9cbbe47807",
        "type": "github"
      },
      "original": {
        "owner": "m15a",
        "repo": "flake-awesome-neovim-plugins",
        "type": "github"
      }
    },
    "doomemacs": {
      "flake": false,
      "locked": {
        "lastModified": 1766618641,
        "narHash": "sha256-/zLb6YzJJ3ZnTCjmakOOt83qtQiF9+GJ2NesFk+c8WM=",
        "owner": "doomemacs",
        "repo": "doomemacs",
        "rev": "21682009b155c0b67ec47100e09cad3b298aa52f",
        "type": "github"
      },
      "original": {
        "owner": "doomemacs",
        "repo": "doomemacs",
        "type": "github"
      }
    },
    "emacs-overlay": {
      "inputs": {
        "nixpkgs": [
          "nix-doom-emacs-unstraightened"
        ],
        "nixpkgs-stable": [
          "nix-doom-emacs-unstraightened"
        ]
      },
      "locked": {
        "lastModified": 1766997186,
        "narHash": "sha256-GZVHiCUjBLNcKM0OgqYG6plyS4QgfjCfgygfBtGeWvE=",
        "owner": "nix-community",
        "repo": "emacs-overlay",
        "rev": "b53e9643839ce2cdfc7f12de9f3a0ccbe5e0271c",
        "type": "github"
      },
      "original": {
        "owner": "nix-community",
        "repo": "emacs-overlay",
        "type": "github"
      }
    },
    "fish-abbreviation-tips": {
      "flake": false,
      "locked": {
        "lastModified": 1674487577,
        "narHash": "sha256-F1t81VliD+v6WEWqj1c1ehFBXzqLyumx5vV46s/FZRU=",
        "owner": "gazorby",
        "repo": "fish-abbreviation-tips",
        "rev": "8ed76a62bb044ba4ad8e3e6832640178880df485",
        "type": "github"
      },
      "original": {
        "owner": "gazorby",
        "repo": "fish-abbreviation-tips",
        "type": "github"
      }
    },
    "fish-async-prompt": {
      "flake": false,
      "locked": {
        "lastModified": 1765707601,
        "narHash": "sha256-99eGL8o4yCE5zDJD5fRDhf6Va1Q6GMhsD+v5Jn3iJoc=",
        "owner": "acomagu",
        "repo": "fish-async-prompt",
        "rev": "8a7f2b19fffd64667db84b4aca6221b33f044fce",
        "type": "github"
      },
      "original": {
        "owner": "acomagu",
        "repo": "fish-async-prompt",
        "type": "github"
      }
    },
    "fish-puffer": {
      "flake": false,
      "locked": {
        "lastModified": 1763062131,
        "narHash": "sha256-Dhx5+XRxJvlhdnFyimNxFyFiASrGU4ZwyefsDwtKnSg=",
        "owner": "nickeb96",
        "repo": "puffer-fish",
        "rev": "83174b07de60078be79985ef6123d903329622b8",
        "type": "github"
      },
      "original": {
        "owner": "nickeb96",
        "repo": "puffer-fish",
        "type": "github"
      }
    },
    "flake-compat": {
      "flake": false,
      "locked": {
        "lastModified": 1673956053,
        "narHash": "sha256-4gtG9iQuiKITOjNQQeQIpoIB6b16fm+504Ch3sNKLd8=",
        "owner": "edolstra",
        "repo": "flake-compat",
        "rev": "35bb57c0c8d8b62bbfd284272c928ceb64ddbde9",
        "type": "github"
      },
      "original": {
        "owner": "edolstra",
        "repo": "flake-compat",
        "type": "github"
      }
    },
    "flake-compat_2": {
      "flake": false,
      "locked": {
        "lastModified": 1673956053,
        "narHash": "sha256-4gtG9iQuiKITOjNQQeQIpoIB6b16fm+504Ch3sNKLd8=",
        "owner": "edolstra",
        "repo": "flake-compat",
        "rev": "35bb57c0c8d8b62bbfd284272c928ceb64ddbde9",
        "type": "github"
      },
      "original": {
        "owner": "edolstra",
        "repo": "flake-compat",
        "type": "github"
      }
    },
    "flake-compat_3": {
      "locked": {
        "lastModified": 1733328505,
        "narHash": "sha256-NeCCThCEP3eCl2l/+27kNNK7QrwZB1IJCrXfrbv5oqU=",
        "owner": "edolstra",
        "repo": "flake-compat",
        "rev": "ff81ac966bb2cae68946d5ed5fc4994f96d0ffec",
        "type": "github"
      },
      "original": {
        "owner": "edolstra",
        "repo": "flake-compat",
        "type": "github"
      }
    },
    "flake-parts": {
      "inputs": {
        "nixpkgs-lib": [
          "steel",
          "nixpkgs"
        ]
      },
      "locked": {
        "lastModified": 1743550720,
        "narHash": "sha256-hIshGgKZCgWh6AYJpJmRgFdR3WUbkY04o82X05xqQiY=",
        "owner": "hercules-ci",
        "repo": "flake-parts",
        "rev": "c621e8422220273271f52058f618c94e405bb0f5",
        "type": "github"
      },
      "original": {
        "owner": "hercules-ci",
        "repo": "flake-parts",
        "type": "github"
      }
    },
    "flake-utils": {
      "inputs": {
        "systems": "systems_2"
      },
      "locked": {
        "lastModified": 1731533236,
        "narHash": "sha256-l0KFg5HjrsfsO/JpG+r7fRrqm12kzFHyUHqHCVpMMbI=",
        "owner": "numtide",
        "repo": "flake-utils",
        "rev": "11707dc2f618dd54ca8739b309ec4fc024de578b",
        "type": "github"
      },
      "original": {
        "owner": "numtide",
        "repo": "flake-utils",
        "type": "github"
      }
    },
    "flake-utils_2": {
      "inputs": {
        "systems": "systems_4"
      },
      "locked": {
        "lastModified": 1681202837,
        "narHash": "sha256-H+Rh19JDwRtpVPAWp64F+rlEtxUWBAQW28eAi3SRSzg=",
        "owner": "numtide",
        "repo": "flake-utils",
        "rev": "cfacdce06f30d2b68473a46042957675eebb3401",
        "type": "github"
      },
      "original": {
        "owner": "numtide",
        "repo": "flake-utils",
        "type": "github"
      }
    },
    "gitignore": {
      "inputs": {
        "nixpkgs": [
          "nix-rice",
          "pre-commit-hooks",
          "nixpkgs"
        ]
      },
      "locked": {
        "lastModified": 1660459072,
        "narHash": "sha256-8DFJjXG8zqoONA1vXtgeKXy68KdJL5UaXR8NtVMUbx8=",
        "owner": "hercules-ci",
        "repo": "gitignore.nix",
        "rev": "a20de23b925fd8264fd7fad6454652e142fd7f73",
        "type": "github"
      },
      "original": {
        "owner": "hercules-ci",
        "repo": "gitignore.nix",
        "type": "github"
      }
    },
    "gruvbox-tmTheme": {
      "flake": false,
      "locked": {
        "lastModified": 1680116497,
        "narHash": "sha256-bihd6lgKZygwsgOzp/0/bgt4hWhIrOcBkFhw8giywyk=",
        "owner": "subnut",
        "repo": "gruvbox-tmTheme",
        "rev": "429749e29c84724b72b71a80dfdd67be2e0bc506",
        "type": "github"
      },
      "original": {
        "owner": "subnut",
        "repo": "gruvbox-tmTheme",
        "type": "github"
      }
    },
    "helix": {
      "inputs": {
        "nixpkgs": [
          "nixpkgs"
        ],
        "rust-overlay": "rust-overlay"
      },
      "locked": {
        "lastModified": 1766874357,
        "narHash": "sha256-JSW4I0pV1+b9hiWzzHIKBZPDqonDs3yqFpd2W6l+vUQ=",
        "owner": "helix-editor",
        "repo": "helix",
        "rev": "341ae9a0102bb55147f5c584e4856d6e9e277410",
        "type": "github"
      },
      "original": {
        "owner": "helix-editor",
        "repo": "helix",
        "type": "github"
      }
    },
    "helix-crtschin": {
      "inputs": {
        "nixpkgs": [
          "nixpkgs"
        ],
        "rust-overlay": "rust-overlay_2"
      },
      "locked": {
        "lastModified": 1763160994,
        "narHash": "sha256-vLSCTxr84NDcqzGYDj/tYEecCTMdmDrd+8B7Z0ijU38=",
        "owner": "crtschin",
        "repo": "helix",
        "rev": "b60fed98a0c9c5ceb14d74cad3cc918a890b3a5d",
        "type": "github"
      },
      "original": {
        "owner": "crtschin",
        "ref": "crts/scratch-with-plugins",
        "repo": "helix",
        "type": "github"
      }
    },
    "home-manager": {
      "inputs": {
        "nixpkgs": [
          "nixpkgs"
        ]
      },
      "locked": {
        "lastModified": 1767378238,
        "narHash": "sha256-NYrJInoeALWnmoq/49T69uFRiT7VtQlObyobzzXprKk=",
        "owner": "Azd325",
        "repo": "home-manager",
        "rev": "dd2a4042de626ed458f5866b02b4b58e0acb4b12",
        "type": "github"
      },
      "original": {
        "owner": "Azd325",
        "ref": "dd2a4042de626ed458f5866b02b4b58e0acb4b12",
        "repo": "home-manager",
        "type": "github"
      }
    },
    "kitty-themes-src": {
      "flake": false,
      "locked": {
        "lastModified": 1678282211,
        "narHash": "sha256-heJayOz/2Bey/zAwL2PR1OsfGyCPqMyxT1XzwHLhQ0w=",
        "owner": "kovidgoyal",
        "repo": "kitty-themes",
        "rev": "c01fcbd694353507c3cc7f657179bad1f32140a7",
        "type": "github"
      },
      "original": {
        "owner": "kovidgoyal",
        "repo": "kitty-themes",
        "type": "github"
      }
    },
    "nix-doom-emacs-unstraightened": {
      "inputs": {
        "doomemacs": "doomemacs",
        "emacs-overlay": "emacs-overlay",
        "nixpkgs": [],
        "systems": "systems_3"
      },
      "locked": {
        "lastModified": 1766998163,
        "narHash": "sha256-MEMdc9f0ZUxBTBd26deeHEq5QEAlPtVVIx85qfTJOkA=",
        "owner": "marienz",
        "repo": "nix-doom-emacs-unstraightened",
        "rev": "d2474fae63af528dbdb793f0a01f6c1f102fac45",
        "type": "github"
      },
      "original": {
        "owner": "marienz",
        "repo": "nix-doom-emacs-unstraightened",
        "type": "github"
      }
    },
    "nix-rice": {
      "inputs": {
        "flake-compat": "flake-compat",
        "flake-utils": "flake-utils_2",
        "kitty-themes-src": "kitty-themes-src",
        "nixpkgs-lib": "nixpkgs-lib",
        "pre-commit-hooks": "pre-commit-hooks"
      },
      "locked": {
        "lastModified": 1682952592,
        "narHash": "sha256-1qXvqCxnWpk0ELdpmS2OMDu047gvl166CGBm+sfi8oo=",
        "owner": "bertof",
        "repo": "nix-rice",
        "rev": "dddd03ed3c5e05c728b0df985f7af905b002f588",
        "type": "github"
      },
      "original": {
        "owner": "bertof",
        "ref": "dddd03ed3c5e05c728b0df985f7af905b002f588",
        "repo": "nix-rice",
        "type": "github"
      }
    },
    "nix-std": {
      "locked": {
        "lastModified": 1710870712,
        "narHash": "sha256-e+7MJF2gsgTBuOWv4mCimSP0D9+naeFSw9a7N3yEmv4=",
        "owner": "chessai",
        "repo": "nix-std",
        "rev": "31bbc925750cc9d8f828fe55cee1a2bd985e0c00",
        "type": "github"
      },
      "original": {
        "owner": "chessai",
        "repo": "nix-std",
        "type": "github"
      }
    },
    "nixgl": {
      "inputs": {
        "flake-utils": [
          "flake-utils"
        ],
        "nixpkgs": [
          "nixpkgs"
        ]
      },
      "locked": {
        "lastModified": 1762090880,
        "narHash": "sha256-fbRQzIGPkjZa83MowjbD2ALaJf9y6KMDdJBQMKFeY/8=",
        "owner": "guibou",
        "repo": "nixGL",
        "rev": "b6105297e6f0cd041670c3e8628394d4ee247ed5",
        "type": "github"
      },
      "original": {
        "owner": "guibou",
        "repo": "nixGL",
        "type": "github"
      }
    },
    "nixpkgs": {
      "locked": {
        "lastModified": 1766840161,
        "narHash": "sha256-Ss/LHpJJsng8vz1Pe33RSGIWUOcqM1fjrehjUkdrWio=",
        "owner": "NixOS",
        "repo": "nixpkgs",
        "rev": "3edc4a30ed3903fdf6f90c837f961fa6b49582d1",
        "type": "github"
      },
      "original": {
        "owner": "NixOS",
        "ref": "nixpkgs-unstable",
        "repo": "nixpkgs",
        "type": "github"
      }
    },
    "nixpkgs-lib": {
      "locked": {
        "lastModified": 1681001314,
        "narHash": "sha256-5sDnCLdrKZqxLPK4KA8+f4A3YKO/u6ElpMILvX0g72c=",
        "owner": "nix-community",
        "repo": "nixpkgs.lib",
        "rev": "367c0e1086a4eb4502b24d872cea2c7acdd557f4",
        "type": "github"
      },
      "original": {
        "owner": "nix-community",
        "repo": "nixpkgs.lib",
        "type": "github"
      }
    },
    "nixpkgs-stable": {
      "locked": {
        "lastModified": 1678872516,
        "narHash": "sha256-/E1YwtMtFAu2KUQKV/1+KFuReYPANM2Rzehk84VxVoc=",
        "owner": "NixOS",
        "repo": "nixpkgs",
        "rev": "9b8e5abb18324c7fe9f07cb100c3cd4a29cda8b8",
        "type": "github"
      },
      "original": {
        "owner": "NixOS",
        "ref": "nixos-22.11",
        "repo": "nixpkgs",
        "type": "github"
      }
    },
    "nixpkgs_2": {
      "locked": {
        "lastModified": 1681303793,
        "narHash": "sha256-JEdQHsYuCfRL2PICHlOiH/2ue3DwoxUX7DJ6zZxZXFk=",
        "owner": "NixOS",
        "repo": "nixpkgs",
        "rev": "fe2ecaf706a5907b5e54d979fbde4924d84b65fc",
        "type": "github"
      },
      "original": {
        "owner": "NixOS",
        "ref": "nixos-unstable",
        "repo": "nixpkgs",
        "type": "github"
      }
    },
    "nixpkgs_3": {
      "locked": {
        "lastModified": 1766902085,
        "narHash": "sha256-coBu0ONtFzlwwVBzmjacUQwj3G+lybcZ1oeNSQkgC0M=",
        "owner": "NixOS",
        "repo": "nixpkgs",
        "rev": "c0b0e0fddf73fd517c3471e546c0df87a42d53f4",
        "type": "github"
      },
      "original": {
        "owner": "NixOS",
        "ref": "nixos-unstable",
        "repo": "nixpkgs",
        "type": "github"
      }
    },
    "pre-commit-hooks": {
      "inputs": {
        "flake-compat": "flake-compat_2",
        "flake-utils": [
          "nix-rice",
          "flake-utils"
        ],
        "gitignore": "gitignore",
        "nixpkgs": "nixpkgs_2",
        "nixpkgs-stable": "nixpkgs-stable"
      },
      "locked": {
        "lastModified": 1682596858,
        "narHash": "sha256-Hf9XVpqaGqe/4oDGr30W8HlsWvJXtMsEPHDqHZA6dDg=",
        "owner": "cachix",
        "repo": "pre-commit-hooks.nix",
        "rev": "fb58866e20af98779017134319b5663b8215d912",
        "type": "github"
      },
      "original": {
        "owner": "cachix",
        "repo": "pre-commit-hooks.nix",
        "type": "github"
      }
    },
    "root": {
      "inputs": {
        "awesome-neovim-plugins": "awesome-neovim-plugins",
        "fish-abbreviation-tips": "fish-abbreviation-tips",
        "fish-async-prompt": "fish-async-prompt",
        "fish-puffer": "fish-puffer",
        "flake-utils": "flake-utils",
        "gruvbox-tmTheme": "gruvbox-tmTheme",
        "helix": "helix",
        "helix-crtschin": "helix-crtschin",
        "home-manager": "home-manager",
        "nix-doom-emacs-unstraightened": "nix-doom-emacs-unstraightened",
        "nix-rice": "nix-rice",
        "nix-std": "nix-std",
        "nixgl": "nixgl",
        "nixpkgs": "nixpkgs_3",
        "steel": "steel",
        "wofi-themes": "wofi-themes"
      }
    },
    "rust-overlay": {
      "inputs": {
        "nixpkgs": [
          "helix",
          "nixpkgs"
        ]
      },
      "locked": {
        "lastModified": 1759631821,
        "narHash": "sha256-V8A1L0FaU/aSXZ1QNJScxC12uP4hANeRBgI4YdhHeRM=",
        "owner": "oxalica",
        "repo": "rust-overlay",
        "rev": "1d7cbdaad90f8a5255a89a6eddd8af24dc89cafe",
        "type": "github"
      },
      "original": {
        "owner": "oxalica",
        "repo": "rust-overlay",
        "type": "github"
      }
    },
    "rust-overlay_2": {
      "inputs": {
        "nixpkgs": [
          "helix-crtschin",
          "nixpkgs"
        ]
      },
      "locked": {
        "lastModified": 1759631821,
        "narHash": "sha256-V8A1L0FaU/aSXZ1QNJScxC12uP4hANeRBgI4YdhHeRM=",
        "owner": "oxalica",
        "repo": "rust-overlay",
        "rev": "1d7cbdaad90f8a5255a89a6eddd8af24dc89cafe",
        "type": "github"
      },
      "original": {
        "owner": "oxalica",
        "repo": "rust-overlay",
        "type": "github"
      }
    },
    "steel": {
      "inputs": {
        "flake-compat": "flake-compat_3",
        "flake-parts": "flake-parts",
        "nixpkgs": [
          "nixpkgs"
        ],
        "systems": "systems_5",
        "treefmt-nix": "treefmt-nix"
      },
      "locked": {
        "lastModified": 1765946830,
        "narHash": "sha256-TjOTfka+ieAVHMjXymVDHlu29z6VoyB/7wYUGSiV/G4=",
        "owner": "mattwparas",
        "repo": "steel",
        "rev": "b7c2306320ea05649ebcac3af7ecaa7aa0c77117",
        "type": "github"
      },
      "original": {
        "owner": "mattwparas",
        "repo": "steel",
        "type": "github"
      }
    },
    "systems": {
      "locked": {
        "lastModified": 1681028828,
        "narHash": "sha256-Vy1rq5AaRuLzOxct8nz4T6wlgyUR7zLU309k9mBC768=",
        "owner": "nix-systems",
        "repo": "default",
        "rev": "da67096a3b9bf56a91d16901293e51ba5b49a27e",
        "type": "github"
      },
      "original": {
        "owner": "nix-systems",
        "repo": "default",
        "type": "github"
      }
    },
    "systems_2": {
      "locked": {
        "lastModified": 1681028828,
        "narHash": "sha256-Vy1rq5AaRuLzOxct8nz4T6wlgyUR7zLU309k9mBC768=",
        "owner": "nix-systems",
        "repo": "default",
        "rev": "da67096a3b9bf56a91d16901293e51ba5b49a27e",
        "type": "github"
      },
      "original": {
        "owner": "nix-systems",
        "repo": "default",
        "type": "github"
      }
    },
    "systems_3": {
      "locked": {
        "lastModified": 1681028828,
        "narHash": "sha256-Vy1rq5AaRuLzOxct8nz4T6wlgyUR7zLU309k9mBC768=",
        "owner": "nix-systems",
        "repo": "default",
        "rev": "da67096a3b9bf56a91d16901293e51ba5b49a27e",
        "type": "github"
      },
      "original": {
        "owner": "nix-systems",
        "repo": "default",
        "type": "github"
      }
    },
    "systems_4": {
      "locked": {
        "lastModified": 1681028828,
        "narHash": "sha256-Vy1rq5AaRuLzOxct8nz4T6wlgyUR7zLU309k9mBC768=",
        "owner": "nix-systems",
        "repo": "default",
        "rev": "da67096a3b9bf56a91d16901293e51ba5b49a27e",
        "type": "github"
      },
      "original": {
        "owner": "nix-systems",
        "repo": "default",
        "type": "github"
      }
    },
    "systems_5": {
      "locked": {
        "lastModified": 1681028828,
        "narHash": "sha256-Vy1rq5AaRuLzOxct8nz4T6wlgyUR7zLU309k9mBC768=",
        "owner": "nix-systems",
        "repo": "default",
        "rev": "da67096a3b9bf56a91d16901293e51ba5b49a27e",
        "type": "github"
      },
      "original": {
        "owner": "nix-systems",
        "repo": "default",
        "type": "github"
      }
    },
    "treefmt-nix": {
      "inputs": {
        "nixpkgs": [
          "steel",
          "nixpkgs"
        ]
      },
      "locked": {
        "lastModified": 1743748085,
        "narHash": "sha256-uhjnlaVTWo5iD3LXics1rp9gaKgDRQj6660+gbUU3cE=",
        "owner": "numtide",
        "repo": "treefmt-nix",
        "rev": "815e4121d6a5d504c0f96e5be2dd7f871e4fd99d",
        "type": "github"
      },
      "original": {
        "owner": "numtide",
        "repo": "treefmt-nix",
        "type": "github"
      }
    },
    "wofi-themes": {
      "flake": false,
      "locked": {
        "lastModified": 1694398570,
        "narHash": "sha256-Pv23apL107K2DeWYBGuZz4IyZkqS0+A7n2yAZEpdbCw=",
        "owner": "joao-vitor-sr",
        "repo": "wofi-themes-collection",
        "rev": "540e247819fbf8116d73e4fd2e4b481a25d81353",
        "type": "github"
      },
      "original": {
        "owner": "joao-vitor-sr",
        "repo": "wofi-themes-collection",
        "rev": "540e247819fbf8116d73e4fd2e4b481a25d81353",
        "type": "github"
      }
    }
  },
  "root": "root",
  "version": 7
}
